
Microsoft Visual Studio Solution File, Format Version 12.00
# Visual Studio Version 17
VisualStudioVersion = 17.10.35013.160
MinimumVisualStudioVersion = 10.0.40219.1
Project("{FAE04EC0-301F-11D3-BF4B-00C04F79EFBC}") = "atteckServer", "atteckServer.csproj", "{410FBFC4-5320-4FB2-8FEA-E06FAE53CBD1}"
EndProject
Global
	GlobalSection(SolutionConfigurationPlatforms) = preSolution
		Debug|Any CPU = Debug|Any CPU
		Release|Any CPU = Release|Any CPU
	EndGlobalSection
	GlobalSection(ProjectConfigurationPlatforms) = postSolution
		{410FBFC4-5320-4FB2-8FEA-E06FAE53CBD1}.Debug|Any CPU.ActiveCfg = Debug|Any CPU
		{410FBFC4-5320-4FB2-8FEA-E06FAE53CBD1}.Debug|Any CPU.Build.0 = Debug|Any CPU
		{410FBFC4-5320-4FB2-8FEA-E06FAE53CBD1}.Release|Any CPU.ActiveCfg = Release|Any CPU
		{410FBFC4-5320-4FB2-8FEA-E06FAE53CBD1}.Release|Any CPU.Build.0 = Release|Any CPU
	EndGlobalSection
	GlobalSection(SolutionProperties) = preSolution
		HideSolutionNode = FALSE
	EndGlobalSection
	GlobalSection(ExtensibilityGlobals) = postSolution
		SolutionGuid = {1E0811CD-3B6C-4407-881E-9EE4D793FE62}
	EndGlobalSection
EndGlobal
